{
  "name": "hello",
  "lockfileVersion": 2,
  "requires": true,
  "packages": {
    "": {
      "name": "hello",
      "dependencies": {
        "package.json": "^0.0.0",
        "rita": "^2.8.31"
      }
    },
    "node_modules/package.json": {
      "version": "0.0.0",
      "resolved": "https://registry.npmjs.org/package.json/-/package.json-0.0.0.tgz",
      "integrity": "sha512-4IJoBrMPxhC4cWwViXg7omAK6E/QD3F/DfmD1g20EI4AcV6V/KG5NqqLC2xjCclY1N5V7D+j6rJxi4mXyxIsMg==",
      "deprecated": "Use pkg.json instead."
    },
    "node_modules/rita": {
      "version": "2.8.31",
      "resolved": "https://registry.npmjs.org/rita/-/rita-2.8.31.tgz",
      "integrity": "sha512-L5B2+pYF7xR/ylLD4vCNmACRsWDXeb8na885uJ4Fv6cx8FxAoV0Wu9R0PzNIq65Ssyk1aw7v3hwUzSn9dMWDwQ=="
    }
  },
  "dependencies": {
    "package.json": {
      "version": "0.0.0",
      "resolved": "https://registry.npmjs.org/package.json/-/package.json-0.0.0.tgz",
      "integrity": "sha512-4IJoBrMPxhC4cWwViXg7omAK6E/QD3F/DfmD1g20EI4AcV6V/KG5NqqLC2xjCclY1N5V7D+j6rJxi4mXyxIsMg=="
    },
    "rita": {
      "version": "2.8.31",
      "resolved": "https://registry.npmjs.org/rita/-/rita-2.8.31.tgz",
      "integrity": "sha512-L5B2+pYF7xR/ylLD4vCNmACRsWDXeb8na885uJ4Fv6cx8FxAoV0Wu9R0PzNIq65Ssyk1aw7v3hwUzSn9dMWDwQ=="
    }
  }
}
